// !$*UTF8*$!
{
	archiveVersion = 1;
	classes = {
	};
	objectVersion = 50;
	objects = {

/* Begin PBXBuildFile section */
		0B1B3E2521F4CDBA00546BD0 /* FallerData.m in Sources */ = {isa = PBXBuildFile; fileRef = 0B1B3E2421F4CDBA00546BD0 /* FallerData.m */; };
		0B1B3E2821F4D27000546BD0 /* FallerDatabase.m in Sources */ = {isa = PBXBuildFile; fileRef = 0B1B3E2721F4D27000546BD0 /* FallerDatabase.m */; };
		0B2BE0F821F3C4F3008A9DD2 /* AppDelegate.m in Sources */ = {isa = PBXBuildFile; fileRef = 0B2BE0F721F3C4F3008A9DD2 /* AppDelegate.m */; };
		0B2BE0FA21F3C4F3008A9DD2 /* GameScene.sks in Resources */ = {isa = PBXBuildFile; fileRef = 0B2BE0F921F3C4F3008A9DD2 /* GameScene.sks */; };
		0B2BE0FF21F3C4F3008A9DD2 /* GameScene.m in Sources */ = {isa = PBXBuildFile; fileRef = 0B2BE0FE21F3C4F3008A9DD2 /* GameScene.m */; };
		0B2BE10221F3C4F3008A9DD2 /* GameViewController.m in Sources */ = {isa = PBXBuildFile; fileRef = 0B2BE10121F3C4F3008A9DD2 /* GameViewController.m */; };
		0B2BE10521F3C4F3008A9DD2 /* Main.storyboard in Resources */ = {isa = PBXBuildFile; fileRef = 0B2BE10321F3C4F3008A9DD2 /* Main.storyboard */; };
		0B2BE10721F3C4F5008A9DD2 /* Assets.xcassets in Resources */ = {isa = PBXBuildFile; fileRef = 0B2BE10621F3C4F5008A9DD2 /* Assets.xcassets */; };
		0B2BE10A21F3C4F5008A9DD2 /* LaunchScreen.storyboard in Resources */ = {isa = PBXBuildFile; fileRef = 0B2BE10821F3C4F5008A9DD2 /* LaunchScreen.storyboard */; };
		0B2BE10D21F3C4F5008A9DD2 /* main.m in Sources */ = {isa = PBXBuildFile; fileRef = 0B2BE10C21F3C4F5008A9DD2 /* main.m */; };
		0B2BE11721F3C4F5008A9DD2 /* FallDownTests.m in Sources */ = {isa = PBXBuildFile; fileRef = 0B2BE11621F3C4F5008A9DD2 /* FallDownTests.m */; };
		0B2BE12221F3C4F5008A9DD2 /* FallDownUITests.m in Sources */ = {isa = PBXBuildFile; fileRef = 0B2BE12121F3C4F5008A9DD2 /* FallDownUITests.m */; };
		0B2BE13121F3CE10008A9DD2 /* MainMenuViewController.m in Sources */ = {isa = PBXBuildFile; fileRef = 0B2BE13021F3CE10008A9DD2 /* MainMenuViewController.m */; };
		0B2BE13421F424A9008A9DD2 /* GameManager.m in Sources */ = {isa = PBXBuildFile; fileRef = 0B2BE13321F424A9008A9DD2 /* GameManager.m */; };
		0B2BE13721F4397E008A9DD2 /* Faller.m in Sources */ = {isa = PBXBuildFile; fileRef = 0B2BE13621F4397E008A9DD2 /* Faller.m */; };
/* End PBXBuildFile section */

/* Begin PBXContainerItemProxy section */
		0B2BE11321F3C4F5008A9DD2 /* PBXContainerItemProxy */ = {
			isa = PBXContainerItemProxy;
			containerPortal = 0B2BE0EB21F3C4F3008A9DD2 /* Project object */;
			proxyType = 1;
			remoteGlobalIDString = 0B2BE0F221F3C4F3008A9DD2;
			remoteInfo = FallDown;
		};
		0B2BE11E21F3C4F5008A9DD2 /* PBXContainerItemProxy */ = {
			isa = PBXContainerItemProxy;
			containerPortal = 0B2BE0EB21F3C4F3008A9DD2 /* Project object */;
			proxyType = 1;
			remoteGlobalIDString = 0B2BE0F221F3C4F3008A9DD2;
			remoteInfo = FallDown;
		};
/* End PBXContainerItemProxy section */

/* Begin PBXFileReference section */
		0B1B3E2321F4CDBA00546BD0 /* FallerData.h */ = {isa = PBXFileReference; lastKnownFileType = sourcecode.c.h; path = FallerData.h; sourceTree = "<group>"; };
		0B1B3E2421F4CDBA00546BD0 /* FallerData.m */ = {isa = PBXFileReference; lastKnownFileType = sourcecode.c.objc; path = FallerData.m; sourceTree = "<group>"; };
		0B1B3E2621F4D27000546BD0 /* FallerDatabase.h */ = {isa = PBXFileReference; lastKnownFileType = sourcecode.c.h; path = FallerDatabase.h; sourceTree = "<group>"; };
		0B1B3E2721F4D27000546BD0 /* FallerDatabase.m */ = {isa = PBXFileReference; lastKnownFileType = sourcecode.c.objc; path = FallerDatabase.m; sourceTree = "<group>"; };
		0B2BE0F321F3C4F3008A9DD2 /* FallDown.app */ = {isa = PBXFileReference; explicitFileType = wrapper.application; includeInIndex = 0; path = FallDown.app; sourceTree = BUILT_PRODUCTS_DIR; };
		0B2BE0F621F3C4F3008A9DD2 /* AppDelegate.h */ = {isa = PBXFileReference; lastKnownFileType = sourcecode.c.h; path = AppDelegate.h; sourceTree = "<group>"; };
		0B2BE0F721F3C4F3008A9DD2 /* AppDelegate.m */ = {isa = PBXFileReference; lastKnownFileType = sourcecode.c.objc; path = AppDelegate.m; sourceTree = "<group>"; };
		0B2BE0F921F3C4F3008A9DD2 /* GameScene.sks */ = {isa = PBXFileReference; lastKnownFileType = file.sks; path = GameScene.sks; sourceTree = "<group>"; };
		0B2BE0FD21F3C4F3008A9DD2 /* GameScene.h */ = {isa = PBXFileReference; lastKnownFileType = sourcecode.c.h; path = GameScene.h; sourceTree = "<group>"; };
		0B2BE0FE21F3C4F3008A9DD2 /* GameScene.m */ = {isa = PBXFileReference; lastKnownFileType = sourcecode.c.objc; path = GameScene.m; sourceTree = "<group>"; };
		0B2BE10021F3C4F3008A9DD2 /* GameViewController.h */ = {isa = PBXFileReference; lastKnownFileType = sourcecode.c.h; path = GameViewController.h; sourceTree = "<group>"; };
		0B2BE10121F3C4F3008A9DD2 /* GameViewController.m */ = {isa = PBXFileReference; lastKnownFileType = sourcecode.c.objc; path = GameViewController.m; sourceTree = "<group>"; };
		0B2BE10421F3C4F3008A9DD2 /* Base */ = {isa = PBXFileReference; lastKnownFileType = file.storyboard; name = Base; path = Base.lproj/Main.storyboard; sourceTree = "<group>"; };
		0B2BE10621F3C4F5008A9DD2 /* Assets.xcassets */ = {isa = PBXFileReference; lastKnownFileType = folder.assetcatalog; path = Assets.xcassets; sourceTree = "<group>"; };
		0B2BE10921F3C4F5008A9DD2 /* Base */ = {isa = PBXFileReference; lastKnownFileType = file.storyboard; name = Base; path = Base.lproj/LaunchScreen.storyboard; sourceTree = "<group>"; };
		0B2BE10B21F3C4F5008A9DD2 /* Info.plist */ = {isa = PBXFileReference; lastKnownFileType = text.plist.xml; path = Info.plist; sourceTree = "<group>"; };
		0B2BE10C21F3C4F5008A9DD2 /* main.m */ = {isa = PBXFileReference; lastKnownFileType = sourcecode.c.objc; path = main.m; sourceTree = "<group>"; };
		0B2BE11221F3C4F5008A9DD2 /* FallDownTests.xctest */ = {isa = PBXFileReference; explicitFileType = wrapper.cfbundle; includeInIndex = 0; path = FallDownTests.xctest; sourceTree = BUILT_PRODUCTS_DIR; };
		0B2BE11621F3C4F5008A9DD2 /* FallDownTests.m */ = {isa = PBXFileReference; lastKnownFileType = sourcecode.c.objc; path = FallDownTests.m; sourceTree = "<group>"; };
		0B2BE11821F3C4F5008A9DD2 /* Info.plist */ = {isa = PBXFileReference; lastKnownFileType = text.plist.xml; path = Info.plist; sourceTree = "<group>"; };
		0B2BE11D21F3C4F5008A9DD2 /* FallDownUITests.xctest */ = {isa = PBXFileReference; explicitFileType = wrapper.cfbundle; includeInIndex = 0; path = FallDownUITests.xctest; sourceTree = BUILT_PRODUCTS_DIR; };
		0B2BE12121F3C4F5008A9DD2 /* FallDownUITests.m */ = {isa = PBXFileReference; lastKnownFileType = sourcecode.c.objc; path = FallDownUITests.m; sourceTree = "<group>"; };
		0B2BE12321F3C4F5008A9DD2 /* Info.plist */ = {isa = PBXFileReference; lastKnownFileType = text.plist.xml; path = Info.plist; sourceTree = "<group>"; };
		0B2BE12F21F3CE10008A9DD2 /* MainMenuViewController.h */ = {isa = PBXFileReference; lastKnownFileType = sourcecode.c.h; path = MainMenuViewController.h; sourceTree = "<group>"; };
		0B2BE13021F3CE10008A9DD2 /* MainMenuViewController.m */ = {isa = PBXFileReference; lastKnownFileType = sourcecode.c.objc; path = MainMenuViewController.m; sourceTree = "<group>"; };
		0B2BE13221F424A9008A9DD2 /* GameManager.h */ = {isa = PBXFileReference; lastKnownFileType = sourcecode.c.h; path = GameManager.h; sourceTree = "<group>"; };
		0B2BE13321F424A9008A9DD2 /* GameManager.m */ = {isa = PBXFileReference; lastKnownFileType = sourcecode.c.objc; path = GameManager.m; sourceTree = "<group>"; };
		0B2BE13521F4397E008A9DD2 /* Faller.h */ = {isa = PBXFileReference; lastKnownFileType = sourcecode.c.h; path = Faller.h; sourceTree = "<group>"; };
		0B2BE13621F4397E008A9DD2 /* Faller.m */ = {isa = PBXFileReference; lastKnownFileType = sourcecode.c.objc; path = Faller.m; sourceTree = "<group>"; };
/* End PBXFileReference section */

/* Begin PBXFrameworksBuildPhase section */
		0B2BE0F021F3C4F3008A9DD2 /* Frameworks */ = {
			isa = PBXFrameworksBuildPhase;
			buildActionMask = 2147483647;
			files = (
			);
			runOnlyForDeploymentPostprocessing = 0;
		};
		0B2BE10F21F3C4F5008A9DD2 /* Frameworks */ = {
			isa = PBXFrameworksBuildPhase;
			buildActionMask = 2147483647;
			files = (
			);
			runOnlyForDeploymentPostprocessing = 0;
		};
		0B2BE11A21F3C4F5008A9DD2 /* Frameworks */ = {
			isa = PBXFrameworksBuildPhase;
			buildActionMask = 2147483647;
			files = (
			);
			runOnlyForDeploymentPostprocessing = 0;
		};
/* End PBXFrameworksBuildPhase section */

/* Begin PBXGroup section */
		0B2BE0EA21F3C4F3008A9DD2 = {
			isa = PBXGroup;
			children = (
				0B2BE0F521F3C4F3008A9DD2 /* FallDown */,
				0B2BE11521F3C4F5008A9DD2 /* FallDownTests */,
				0B2BE12021F3C4F5008A9DD2 /* FallDownUITests */,
				0B2BE0F421F3C4F3008A9DD2 /* Products */,
			);
			sourceTree = "<group>";
		};
		0B2BE0F421F3C4F3008A9DD2 /* Products */ = {
			isa = PBXGroup;
			children = (
				0B2BE0F321F3C4F3008A9DD2 /* FallDown.app */,
				0B2BE11221F3C4F5008A9DD2 /* FallDownTests.xctest */,
				0B2BE11D21F3C4F5008A9DD2 /* FallDownUITests.xctest */,
			);
			name = Products;
			sourceTree = "<group>";
		};
		0B2BE0F521F3C4F3008A9DD2 /* FallDown */ = {
			isa = PBXGroup;
			children = (
				0B2BE0F621F3C4F3008A9DD2 /* AppDelegate.h */,
				0B2BE0F721F3C4F3008A9DD2 /* AppDelegate.m */,
				0B2BE0F921F3C4F3008A9DD2 /* GameScene.sks */,
				0B2BE0FD21F3C4F3008A9DD2 /* GameScene.h */,
				0B2BE0FE21F3C4F3008A9DD2 /* GameScene.m */,
				0B2BE13221F424A9008A9DD2 /* GameManager.h */,
				0B2BE13321F424A9008A9DD2 /* GameManager.m */,
				0B2BE10021F3C4F3008A9DD2 /* GameViewController.h */,
				0B2BE10121F3C4F3008A9DD2 /* GameViewController.m */,
				0B2BE12F21F3CE10008A9DD2 /* MainMenuViewController.h */,
				0B2BE13021F3CE10008A9DD2 /* MainMenuViewController.m */,
				0B2BE13521F4397E008A9DD2 /* Faller.h */,
				0B2BE13621F4397E008A9DD2 /* Faller.m */,
				0B1B3E2321F4CDBA00546BD0 /* FallerData.h */,
				0B1B3E2421F4CDBA00546BD0 /* FallerData.m */,
				0B1B3E2621F4D27000546BD0 /* FallerDatabase.h */,
				0B1B3E2721F4D27000546BD0 /* FallerDatabase.m */,
				0B2BE10321F3C4F3008A9DD2 /* Main.storyboard */,
				0B2BE10621F3C4F5008A9DD2 /* Assets.xcassets */,
				0B2BE10821F3C4F5008A9DD2 /* LaunchScreen.storyboard */,
				0B2BE10B21F3C4F5008A9DD2 /* Info.plist */,
				0B2BE10C21F3C4F5008A9DD2 /* main.m */,
			);
			path = FallDown;
			sourceTree = "<group>";
		};
		0B2BE11521F3C4F5008A9DD2 /* FallDownTests */ = {
			isa = PBXGroup;
			children = (
				0B2BE11621F3C4F5008A9DD2 /* FallDownTests.m */,
				0B2BE11821F3C4F5008A9DD2 /* Info.plist */,
			);
			path = FallDownTests;
			sourceTree = "<group>";
		};
		0B2BE12021F3C4F5008A9DD2 /* FallDownUITests */ = {
			isa = PBXGroup;
			children = (
				0B2BE12121F3C4F5008A9DD2 /* FallDownUITests.m */,
				0B2BE12321F3C4F5008A9DD2 /* Info.plist */,
			);
			path = FallDownUITests;
			sourceTree = "<group>";
		};
/* End PBXGroup section */

/* Begin PBXNativeTarget section */
		0B2BE0F221F3C4F3008A9DD2 /* FallDown */ = {
			isa = PBXNativeTarget;
			buildConfigurationList = 0B2BE12621F3C4F5008A9DD2 /* Build configuration list for PBXNativeTarget "FallDown" */;
			buildPhases = (
				0B2BE0EF21F3C4F3008A9DD2 /* Sources */,
				0B2BE0F021F3C4F3008A9DD2 /* Frameworks */,
				0B2BE0F121F3C4F3008A9DD2 /* Resources */,
			);
			buildRules = (
			);
			dependencies = (
			);
			name = FallDown;
			productName = FallDown;
			productReference = 0B2BE0F321F3C4F3008A9DD2 /* FallDown.app */;
			productType = "com.apple.product-type.application";
		};
		0B2BE11121F3C4F5008A9DD2 /* FallDownTests */ = {
			isa = PBXNativeTarget;
			buildConfigurationList = 0B2BE12921F3C4F5008A9DD2 /* Build configuration list for PBXNativeTarget "FallDownTests" */;
			buildPhases = (
				0B2BE10E21F3C4F5008A9DD2 /* Sources */,
				0B2BE10F21F3C4F5008A9DD2 /* Frameworks */,
				0B2BE11021F3C4F5008A9DD2 /* Resources */,
			);
			buildRules = (
			);
			dependencies = (
				0B2BE11421F3C4F5008A9DD2 /* PBXTargetDependency */,
			);
			name = FallDownTests;
			productName = FallDownTests;
			productReference = 0B2BE11221F3C4F5008A9DD2 /* FallDownTests.xctest */;
			productType = "com.apple.product-type.bundle.unit-test";
		};
		0B2BE11C21F3C4F5008A9DD2 /* FallDownUITests */ = {
			isa = PBXNativeTarget;
			buildConfigurationList = 0B2BE12C21F3C4F5008A9DD2 /* Build configuration list for PBXNativeTarget "FallDownUITests" */;
			buildPhases = (
				0B2BE11921F3C4F5008A9DD2 /* Sources */,
				0B2BE11A21F3C4F5008A9DD2 /* Frameworks */,
				0B2BE11B21F3C4F5008A9DD2 /* Resources */,
			);
			buildRules = (
			);
			dependencies = (
				0B2BE11F21F3C4F5008A9DD2 /* PBXTargetDependency */,
			);
			name = FallDownUITests;
			productName = FallDownUITests;
			productReference = 0B2BE11D21F3C4F5008A9DD2 /* FallDownUITests.xctest */;
			productType = "com.apple.product-type.bundle.ui-testing";
		};
/* End PBXNativeTarget section */

/* Begin PBXProject section */
		0B2BE0EB21F3C4F3008A9DD2 /* Project object */ = {
			isa = PBXProject;
			attributes = {
				LastUpgradeCheck = 1010;
				ORGANIZATIONNAME = "Spencer Symington";
				TargetAttributes = {
					0B2BE0F221F3C4F3008A9DD2 = {
						CreatedOnToolsVersion = 10.1;
					};
					0B2BE11121F3C4F5008A9DD2 = {
						CreatedOnToolsVersion = 10.1;
						TestTargetID = 0B2BE0F221F3C4F3008A9DD2;
					};
					0B2BE11C21F3C4F5008A9DD2 = {
						CreatedOnToolsVersion = 10.1;
						TestTargetID = 0B2BE0F221F3C4F3008A9DD2;
					};
				};
			};
			buildConfigurationList = 0B2BE0EE21F3C4F3008A9DD2 /* Build configuration list for PBXProject "FallDown" */;
			compatibilityVersion = "Xcode 9.3";
			developmentRegion = en;
			hasScannedForEncodings = 0;
			knownRegions = (
				en,
				Base,
			);
			mainGroup = 0B2BE0EA21F3C4F3008A9DD2;
			productRefGroup = 0B2BE0F421F3C4F3008A9DD2 /* Products */;
			projectDirPath = "";
			projectRoot = "";
			targets = (
				0B2BE0F221F3C4F3008A9DD2 /* FallDown */,
				0B2BE11121F3C4F5008A9DD2 /* FallDownTests */,
				0B2BE11C21F3C4F5008A9DD2 /* FallDownUITests */,
			);
		};
/* End PBXProject section */

/* Begin PBXResourcesBuildPhase section */
		0B2BE0F121F3C4F3008A9DD2 /* Resources */ = {
			isa = PBXResourcesBuildPhase;
			buildActionMask = 2147483647;
			files = (
				0B2BE10521F3C4F3008A9DD2 /* Main.storyboard in Resources */,
				0B2BE0FA21F3C4F3008A9DD2 /* GameScene.sks in Resources */,
				0B2BE10721F3C4F5008A9DD2 /* Assets.xcassets in Resources */,
				0B2BE10A21F3C4F5008A9DD2 /* LaunchScreen.storyboard in Resources */,
			);
			runOnlyForDeploymentPostprocessing = 0;
		};
		0B2BE11021F3C4F5008A9DD2 /* Resources */ = {
			isa = PBXResourcesBuildPhase;
			buildActionMask = 2147483647;
			files = (
			);
			runOnlyForDeploymentPostprocessing = 0;
		};
		0B2BE11B21F3C4F5008A9DD2 /* Resources */ = {
			isa = PBXResourcesBuildPhase;
			buildActionMask = 2147483647;
			files = (
			);
			runOnlyForDeploymentPostprocessing = 0;
		};
/* End PBXResourcesBuildPhase section */

/* Begin PBXSourcesBuildPhase section */
		0B2BE0EF21F3C4F3008A9DD2 /* Sources */ = {
			isa = PBXSourcesBuildPhase;
			buildActionMask = 2147483647;
			files = (
				0B2BE0FF21F3C4F3008A9DD2 /* GameScene.m in Sources */,
				0B2BE10221F3C4F3008A9DD2 /* GameViewController.m in Sources */,
				0B2BE13721F4397E008A9DD2 /* Faller.m in Sources */,
				0B1B3E2821F4D27000546BD0 /* FallerDatabase.m in Sources */,
				0B2BE10D21F3C4F5008A9DD2 /* main.m in Sources */,
				0B2BE0F821F3C4F3008A9DD2 /* AppDelegate.m in Sources */,
				0B2BE13121F3CE10008A9DD2 /* MainMenuViewController.m in Sources */,
				0B2BE13421F424A9008A9DD2 /* GameManager.m in Sources */,
				0B1B3E2521F4CDBA00546BD0 /* FallerData.m in Sources */,
			);
			runOnlyForDeploymentPostprocessing = 0;
		};
		0B2BE10E21F3C4F5008A9DD2 /* Sources */ = {
			isa = PBXSourcesBuildPhase;
			buildActionMask = 2147483647;
			files = (
				0B2BE11721F3C4F5008A9DD2 /* FallDownTests.m in Sources */,
			);
			runOnlyForDeploymentPostprocessing = 0;
		};
		0B2BE11921F3C4F5008A9DD2 /* Sources */ = {
			isa = PBXSourcesBuildPhase;
			buildActionMask = 2147483647;
			files = (
				0B2BE12221F3C4F5008A9DD2 /* FallDownUITests.m in Sources */,
			);
			runOnlyForDeploymentPostprocessing = 0;
		};
/* End PBXSourcesBuildPhase section */

/* Begin PBXTargetDependency section */
		0B2BE11421F3C4F5008A9DD2 /* PBXTargetDependency */ = {
			isa = PBXTargetDependency;
			target = 0B2BE0F221F3C4F3008A9DD2 /* FallDown */;
			targetProxy = 0B2BE11321F3C4F5008A9DD2 /* PBXContainerItemProxy */;
		};
		0B2BE11F21F3C4F5008A9DD2 /* PBXTargetDependency */ = {
			isa = PBXTargetDependency;
			target = 0B2BE0F221F3C4F3008A9DD2 /* FallDown */;
			targetProxy = 0B2BE11E21F3C4F5008A9DD2 /* PBXContainerItemProxy */;
		};
/* End PBXTargetDependency section */

/* Begin PBXVariantGroup section */
		0B2BE10321F3C4F3008A9DD2 /* Main.storyboard */ = {
			isa = PBXVariantGroup;
			children = (
				0B2BE10421F3C4F3008A9DD2 /* Base */,
			);
			name = Main.storyboard;
			sourceTree = "<group>";
		};
		0B2BE10821F3C4F5008A9DD2 /* LaunchScreen.storyboard */ = {
			isa = PBXVariantGroup;
			children = (
				0B2BE10921F3C4F5008A9DD2 /* Base */,
			);
			name = LaunchScreen.storyboard;
			sourceTree = "<group>";
		};
/* End PBXVariantGroup section */

/* Begin XCBuildConfiguration section */
		0B2BE12421F3C4F5008A9DD2 /* Debug */ = {
			isa = XCBuildConfiguration;
			buildSettings = {
				ALWAYS_SEARCH_USER_PATHS = NO;
				CLANG_ANALYZER_NONNULL = YES;
				CLANG_ANALYZER_NUMBER_OBJECT_CONVERSION = YES_AGGRESSIVE;
				CLANG_CXX_LANGUAGE_STANDARD = "gnu++14";
				CLANG_CXX_LIBRARY = "libc++";
				CLANG_ENABLE_MODULES = YES;
				CLANG_ENABLE_OBJC_ARC = YES;
				CLANG_ENABLE_OBJC_WEAK = YES;
				CLANG_WARN_BLOCK_CAPTURE_AUTORELEASING = YES;
				CLANG_WARN_BOOL_CONVERSION = YES;
				CLANG_WARN_COMMA = YES;
				CLANG_WARN_CONSTANT_CONVERSION = YES;
				CLANG_WARN_DEPRECATED_OBJC_IMPLEMENTATIONS = YES;
				CLANG_WARN_DIRECT_OBJC_ISA_USAGE = YES_ERROR;
				CLANG_WARN_DOCUMENTATION_COMMENTS = YES;
				CLANG_WARN_EMPTY_BODY = YES;
				CLANG_WARN_ENUM_CONVERSION = YES;
				CLANG_WARN_INFINITE_RECURSION = YES;
				CLANG_WARN_INT_CONVERSION = YES;
				CLANG_WARN_NON_LITERAL_NULL_CONVERSION = YES;
				CLANG_WARN_OBJC_IMPLICIT_RETAIN_SELF = YES;
				CLANG_WARN_OBJC_LITERAL_CONVERSION = YES;
				CLANG_WARN_OBJC_ROOT_CLASS = YES_ERROR;
				CLANG_WARN_RANGE_LOOP_ANALYSIS = YES;
				CLANG_WARN_STRICT_PROTOTYPES = YES;
				CLANG_WARN_SUSPICIOUS_MOVE = YES;
				CLANG_WARN_UNGUARDED_AVAILABILITY = YES_AGGRESSIVE;
				CLANG_WARN_UNREACHABLE_CODE = YES;
				CLANG_WARN__DUPLICATE_METHOD_MATCH = YES;
				CODE_SIGN_IDENTITY = "iPhone Developer";
				COPY_PHASE_STRIP = NO;
				DEBUG_INFORMATION_FORMAT = dwarf;
				ENABLE_STRICT_OBJC_MSGSEND = YES;
				ENABLE_TESTABILITY = YES;
				GCC_C_LANGUAGE_STANDARD = gnu11;
				GCC_DYNAMIC_NO_PIC = NO;
				GCC_NO_COMMON_BLOCKS = YES;
				GCC_OPTIMIZATION_LEVEL = 0;
				GCC_PREPROCESSOR_DEFINITIONS = (
					"DEBUG=1",
					"$(inherited)",
				);
				GCC_WARN_64_TO_32_BIT_CONVERSION = YES;
				GCC_WARN_ABOUT_RETURN_TYPE = YES_ERROR;
				GCC_WARN_UNDECLARED_SELECTOR = YES;
				GCC_WARN_UNINITIALIZED_AUTOS = YES_AGGRESSIVE;
				GCC_WARN_UNUSED_FUNCTION = YES;
				GCC_WARN_UNUSED_VARIABLE = YES;
				IPHONEOS_DEPLOYMENT_TARGET = 12.1;
				MTL_ENABLE_DEBUG_INFO = INCLUDE_SOURCE;
				MTL_FAST_MATH = YES;
				ONLY_ACTIVE_ARCH = YES;
				SDKROOT = iphoneos;
			};
			name = Debug;
		};
		0B2BE12521F3C4F5008A9DD2 /* Release */ = {
			isa = XCBuildConfiguration;
			buildSettings = {
				ALWAYS_SEARCH_USER_PATHS = NO;
				CLANG_ANALYZER_NONNULL = YES;
				CLANG_ANALYZER_NUMBER_OBJECT_CONVERSION = YES_AGGRESSIVE;
				CLANG_CXX_LANGUAGE_STANDARD = "gnu++14";
				CLANG_CXX_LIBRARY = "libc++";
				CLANG_ENABLE_MODULES = YES;
				CLANG_ENABLE_OBJC_ARC = YES;
				CLANG_ENABLE_OBJC_WEAK = YES;
				CLANG_WARN_BLOCK_CAPTURE_AUTORELEASING = YES;
				CLANG_WARN_BOOL_CONVERSION = YES;
				CLANG_WARN_COMMA = YES;
				CLANG_WARN_CONSTANT_CONVERSION = YES;
				CLANG_WARN_DEPRECATED_OBJC_IMPLEMENTATIONS = YES;
				CLANG_WARN_DIRECT_OBJC_ISA_USAGE = YES_ERROR;
				CLANG_WARN_DOCUMENTATION_COMMENTS = YES;
				CLANG_WARN_EMPTY_BODY = YES;
				CLANG_WARN_ENUM_CONVERSION = YES;
				CLANG_WARN_INFINITE_RECURSION = YES;
				CLANG_WARN_INT_CONVERSION = YES;
				CLANG_WARN_NON_LITERAL_NULL_CONVERSION = YES;
				CLANG_WARN_OBJC_IMPLICIT_RETAIN_SELF = YES;
				CLANG_WARN_OBJC_LITERAL_CONVERSION = YES;
				CLANG_WARN_OBJC_ROOT_CLASS = YES_ERROR;
				CLANG_WARN_RANGE_LOOP_ANALYSIS = YES;
				CLANG_WARN_STRICT_PROTOTYPES = YES;
				CLANG_WARN_SUSPICIOUS_MOVE = YES;
				CLANG_WARN_UNGUARDED_AVAILABILITY = YES_AGGRESSIVE;
				CLANG_WARN_UNREACHABLE_CODE = YES;
				CLANG_WARN__DUPLICATE_METHOD_MATCH = YES;
				CODE_SIGN_IDENTITY = "iPhone Developer";
				COPY_PHASE_STRIP = NO;
				DEBUG_INFORMATION_FORMAT = "dwarf-with-dsym";
				ENABLE_NS_ASSERTIONS = NO;
				ENABLE_STRICT_OBJC_MSGSEND = YES;
				GCC_C_LANGUAGE_STANDARD = gnu11;
				GCC_NO_COMMON_BLOCKS = YES;
				GCC_WARN_64_TO_32_BIT_CONVERSION = YES;
				GCC_WARN_ABOUT_RETURN_TYPE = YES_ERROR;
				GCC_WARN_UNDECLARED_SELECTOR = YES;
				GCC_WARN_UNINITIALIZED_AUTOS = YES_AGGRESSIVE;
				GCC_WARN_UNUSED_FUNCTION = YES;
				GCC_WARN_UNUSED_VARIABLE = YES;
				IPHONEOS_DEPLOYMENT_TARGET = 12.1;
				MTL_ENABLE_DEBUG_INFO = NO;
				MTL_FAST_MATH = YES;
				SDKROOT = iphoneos;
				VALIDATE_PRODUCT = YES;
			};
			name = Release;
		};
		0B2BE12721F3C4F5008A9DD2 /* Debug */ = {
			isa = XCBuildConfiguration;
			buildSettings = {
				ASSETCATALOG_COMPILER_APPICON_NAME = AppIcon;
				CODE_SIGN_STYLE = Automatic;
				INFOPLIST_FILE = FallDown/Info.plist;
				LD_RUNPATH_SEARCH_PATHS = (
					"$(inherited)",
					"@executable_path/Frameworks",
				);
				PRODUCT_BUNDLE_IDENTIFIER = com.spencersymington.FallDown;
				PRODUCT_NAME = "$(TARGET_NAME)";
				TARGETED_DEVICE_FAMILY = "1,2";
			};
			name = Debug;
		};
		0B2BE12821F3C4F5008A9DD2 /* Release */ = {
			isa = XCBuildConfiguration;
			buildSettings = {
				ASSETCATALOG_COMPILER_APPICON_NAME = AppIcon;
				CODE_SIGN_STYLE = Automatic;
				INFOPLIST_FILE = FallDown/Info.plist;
				LD_RUNPATH_SEARCH_PATHS = (
					"$(inherited)",
					"@executable_path/Frameworks",
				);
				PRODUCT_BUNDLE_IDENTIFIER = com.spencersymington.FallDown;
				PRODUCT_NAME = "$(TARGET_NAME)";
				TARGETED_DEVICE_FAMILY = "1,2";
			};
			name = Release;
		};
		0B2BE12A21F3C4F5008A9DD2 /* Debug */ = {
			isa = XCBuildConfiguration;
			buildSettings = {
				BUNDLE_LOADER = "$(TEST_HOST)";
				CODE_SIGN_STYLE = Automatic;
				INFOPLIST_FILE = FallDownTests/Info.plist;
				LD_RUNPATH_SEARCH_PATHS = (
					"$(inherited)",
					"@executable_path/Frameworks",
					"@loader_path/Frameworks",
				);
				PRODUCT_BUNDLE_IDENTIFIER = com.spencersymington.FallDownTests;
				PRODUCT_NAME = "$(TARGET_NAME)";
				TARGETED_DEVICE_FAMILY = "1,2";
				TEST_HOST = "$(BUILT_PRODUCTS_DIR)/FallDown.app/FallDown";
			};
			name = Debug;
		};
		0B2BE12B21F3C4F5008A9DD2 /* Release */ = {
			isa = XCBuildConfiguration;
			buildSettings = {
				BUNDLE_LOADER = "$(TEST_HOST)";
				CODE_SIGN_STYLE = Automatic;
				INFOPLIST_FILE = FallDownTests/Info.plist;
				LD_RUNPATH_SEARCH_PATHS = (
					"$(inherited)",
					"@executable_path/Frameworks",
					"@loader_path/Frameworks",
				);
				PRODUCT_BUNDLE_IDENTIFIER = com.spencersymington.FallDownTests;
				PRODUCT_NAME = "$(TARGET_NAME)";
				TARGETED_DEVICE_FAMILY = "1,2";
				TEST_HOST = "$(BUILT_PRODUCTS_DIR)/FallDown.app/FallDown";
			};
			name = Release;
		};
		0B2BE12D21F3C4F5008A9DD2 /* Debug */ = {
			isa = XCBuildConfiguration;
			buildSettings = {
				CODE_SIGN_STYLE = Automatic;
				INFOPLIST_FILE = FallDownUITests/Info.plist;
				LD_RUNPATH_SEARCH_PATHS = (
					"$(inherited)",
					"@executable_path/Frameworks",
					"@loader_path/Frameworks",
				);
				PRODUCT_BUNDLE_IDENTIFIER = com.spencersymington.FallDownUITests;
				PRODUCT_NAME = "$(TARGET_NAME)";
				TARGETED_DEVICE_FAMILY = "1,2";
				TEST_TARGET_NAME = FallDown;
			};
			name = Debug;
		};
		0B2BE12E21F3C4F5008A9DD2 /* Release */ = {
			isa = XCBuildConfiguration;
			buildSettings = {
				CODE_SIGN_STYLE = Automatic;
				INFOPLIST_FILE = FallDownUITests/Info.plist;
				LD_RUNPATH_SEARCH_PATHS = (
					"$(inherited)",
					"@executable_path/Frameworks",
					"@loader_path/Frameworks",
				);
				PRODUCT_BUNDLE_IDENTIFIER = com.spencersymington.FallDownUITests;
				PRODUCT_NAME = "$(TARGET_NAME)";
				TARGETED_DEVICE_FAMILY = "1,2";
				TEST_TARGET_NAME = FallDown;
			};
			name = Release;
		};
/* End XCBuildConfiguration section */

/* Begin XCConfigurationList section */
		0B2BE0EE21F3C4F3008A9DD2 /* Build configuration list for PBXProject "FallDown" */ = {
			isa = XCConfigurationList;
			buildConfigurations = (
				0B2BE12421F3C4F5008A9DD2 /* Debug */,
				0B2BE12521F3C4F5008A9DD2 /* Release */,
			);
			defaultConfigurationIsVisible = 0;
			defaultConfigurationName = Release;
		};
		0B2BE12621F3C4F5008A9DD2 /* Build configuration list for PBXNativeTarget "FallDown" */ = {
			isa = XCConfigurationList;
			buildConfigurations = (
				0B2BE12721F3C4F5008A9DD2 /* Debug */,
				0B2BE12821F3C4F5008A9DD2 /* Release */,
			);
			defaultConfigurationIsVisible = 0;
			defaultConfigurationName = Release;
		};
		0B2BE12921F3C4F5008A9DD2 /* Build configuration list for PBXNativeTarget "FallDownTests" */ = {
			isa = XCConfigurationList;
			buildConfigurations = (
				0B2BE12A21F3C4F5008A9DD2 /* Debug */,
				0B2BE12B21F3C4F5008A9DD2 /* Release */,
			);
			defaultConfigurationIsVisible = 0;
			defaultConfigurationName = Release;
		};
		0B2BE12C21F3C4F5008A9DD2 /* Build configuration list for PBXNativeTarget "FallDownUITests" */ = {
			isa = XCConfigurationList;
			buildConfigurations = (
				0B2BE12D21F3C4F5008A9DD2 /* Debug */,
				0B2BE12E21F3C4F5008A9DD2 /* Release */,
			);
			defaultConfigurationIsVisible = 0;
			defaultConfigurationName = Release;
		};
/* End XCConfigurationList section */
	};
	rootObject = 0B2BE0EB21F3C4F3008A9DD2 /* Project object */;
}
